// !$*UTF8*$!
{
	archiveVersion = 1;
	classes = {
	};
	objectVersion = 46;
	objects = {

/* Begin PBXBuildFile section */
		695C75571CF69F6700B527D7 /* AppDelegate.swift in Sources */ = {isa = PBXBuildFile; fileRef = 695C75561CF69F6700B527D7 /* AppDelegate.swift */; };
		695C75591CF69F6700B527D7 /* ViewController.swift in Sources */ = {isa = PBXBuildFile; fileRef = 695C75581CF69F6700B527D7 /* ViewController.swift */; };
		695C755C1CF69F6700B527D7 /* Main.storyboard in Resources */ = {isa = PBXBuildFile; fileRef = 695C755A1CF69F6700B527D7 /* Main.storyboard */; };
		695C75611CF69F6700B527D7 /* Assets.xcassets in Resources */ = {isa = PBXBuildFile; fileRef = 695C75601CF69F6700B527D7 /* Assets.xcassets */; };
		695C75641CF69F6700B527D7 /* LaunchScreen.storyboard in Resources */ = {isa = PBXBuildFile; fileRef = 695C75621CF69F6700B527D7 /* LaunchScreen.storyboard */; };
		695C756C1CF6A80F00B527D7 /* MapKit.framework in Frameworks */ = {isa = PBXBuildFile; fileRef = 695C756B1CF6A80F00B527D7 /* MapKit.framework */; };
/* End PBXBuildFile section */

/* Begin PBXFileReference section */
		695C75531CF69F6600B527D7 /* GEO.app */ = {isa = PBXFileReference; explicitFileType = wrapper.application; includeInIndex = 0; path = GEO.app; sourceTree = BUILT_PRODUCTS_DIR; };
		695C75561CF69F6700B527D7 /* AppDelegate.swift */ = {isa = PBXFileReference; lastKnownFileType = sourcecode.swift; path = AppDelegate.swift; sourceTree = "<group>"; };
		695C75581CF69F6700B527D7 /* ViewController.swift */ = {isa = PBXFileReference; lastKnownFileType = sourcecode.swift; path = ViewController.swift; sourceTree = "<group>"; };
		695C755B1CF69F6700B527D7 /* Base */ = {isa = PBXFileReference; lastKnownFileType = file.storyboard; name = Base; path = Base.lproj/Main.storyboard; sourceTree = "<group>"; };
		695C75601CF69F6700B527D7 /* Assets.xcassets */ = {isa = PBXFileReference; lastKnownFileType = folder.assetcatalog; path = Assets.xcassets; sourceTree = "<group>"; };
		695C75631CF69F6700B527D7 /* Base */ = {isa = PBXFileReference; lastKnownFileType = file.storyboard; name = Base; path = Base.lproj/LaunchScreen.storyboard; sourceTree = "<group>"; };
		695C75651CF69F6700B527D7 /* Info.plist */ = {isa = PBXFileReference; lastKnownFileType = text.plist.xml; path = Info.plist; sourceTree = "<group>"; };
		695C756B1CF6A80F00B527D7 /* MapKit.framework */ = {isa = PBXFileReference; lastKnownFileType = wrapper.framework; name = MapKit.framework; path = System/Library/Frameworks/MapKit.framework; sourceTree = SDKROOT; };
/* End PBXFileReference section */

/* Begin PBXFrameworksBuildPhase section */
		695C75501CF69F6600B527D7 /* Frameworks */ = {
			isa = PBXFrameworksBuildPhase;
			buildActionMask = 2147483647;
			files = (
				695C756C1CF6A80F00B527D7 /* MapKit.framework in Frameworks */,
			);
			runOnlyForDeploymentPostprocessing = 0;
		};
/* End PBXFrameworksBuildPhase section */

/* Begin PBXGroup section */
		695C754A1CF69F6600B527D7 = {
			isa = PBXGroup;
			children = (
				695C756B1CF6A80F00B527D7 /* MapKit.framework */,
				695C75551CF69F6600B527D7 /* GEO */,
				695C75541CF69F6600B527D7 /* Products */,
			);
			sourceTree = "<group>";
		};
		695C75541CF69F6600B527D7 /* Products */ = {
			isa = PBXGroup;
			children = (
				695C75531CF69F6600B527D7 /* GEO.app */,
			);
			name = Products;
			sourceTree = "<group>";
		};
		695C75551CF69F6600B527D7 /* GEO */ = {
			isa = PBXGroup;
			children = (
				695C75561CF69F6700B527D7 /* AppDelegate.swift */,
				695C75581CF69F6700B527D7 /* ViewController.swift */,
				695C755A1CF69F6700B527D7 /* Main.storyboard */,
				695C75601CF69F6700B527D7 /* Assets.xcassets */,
				695C75621CF69F6700B527D7 /* LaunchScreen.storyboard */,
				695C75651CF69F6700B527D7 /* Info.plist */,
			);
			path = GEO;
			sourceTree = "<group>";
		};
/* End PBXGroup section */

/* Begin PBXNativeTarget section */
		695C75521CF69F6600B527D7 /* GEO */ = {
			isa = PBXNativeTarget;
			buildConfigurationList = 695C75681CF69F6700B527D7 /* Build configuration list for PBXNativeTarget "GEO" */;
			buildPhases = (
				695C754F1CF69F6600B527D7 /* Sources */,
				695C75501CF69F6600B527D7 /* Frameworks */,
				695C75511CF69F6600B527D7 /* Resources */,
			);
			buildRules = (
			);
			dependencies = (
			);
			name = GEO;
			productName = GEO;
			productReference = 695C75531CF69F6600B527D7 /* GEO.app */;
			productType = "com.apple.product-type.application";
		};
/* End PBXNativeTarget section */

/* Begin PBXProject section */
		695C754B1CF69F6600B527D7 /* Project object */ = {
			isa = PBXProject;
			attributes = {
				LastSwiftUpdateCheck = 0730;
				LastUpgradeCheck = 0730;
				ORGANIZATIONNAME = "YANGSHENG ZOU";
				TargetAttributes = {
					695C75521CF69F6600B527D7 = {
						CreatedOnToolsVersion = 7.3.1;
					};
				};
			};
			buildConfigurationList = 695C754E1CF69F6600B527D7 /* Build configuration list for PBXProject "GEO" */;
			compatibilityVersion = "Xcode 3.2";
			developmentRegion = English;
			hasScannedForEncodings = 0;
			knownRegions = (
				en,
				Base,
			);
			mainGroup = 695C754A1CF69F6600B527D7;
			productRefGroup = 695C75541CF69F6600B527D7 /* Products */;
			projectDirPath = "";
			projectRoot = "";
			targets = (
				695C75521CF69F6600B527D7 /* GEO */,
			);
		};
/* End PBXProject section */

/* Begin PBXResourcesBuildPhase section */
		695C75511CF69F6600B527D7 /* Resources */ = {
			isa = PBXResourcesBuildPhase;
			buildActionMask = 2147483647;
			files = (
				695C75641CF69F6700B527D7 /* LaunchScreen.storyboard in Resources */,
				695C75611CF69F6700B527D7 /* Assets.xcassets in Resources */,
				695C755C1CF69F6700B527D7 /* Main.storyboard in Resources */,
			);
			runOnlyForDeploymentPostprocessing = 0;
		};
/* End PBXResourcesBuildPhase section */

/* Begin PBXSourcesBuildPhase section */
		695C754F1CF69F6600B527D7 /* Sources */ = {
			isa = PBXSourcesBuildPhase;
			buildActionMask = 2147483647;
			files = (
				695C75591CF69F6700B527D7 /* ViewController.swift in Sources */,
				695C75571CF69F6700B527D7 /* AppDelegate.swift in Sources */,
			);
			runOnlyForDeploymentPostprocessing = 0;
		};
/* End PBXSourcesBuildPhase section */

/* Begin PBXVariantGroup section */
		695C755A1CF69F6700B527D7 /* Main.storyboard */ = {
			isa = PBXVariantGroup;
			children = (
				695C755B1CF69F6700B527D7 /* Base */,
			);
			name = Main.storyboard;
			sourceTree = "<group>";
		};
		695C75621CF69F6700B527D7 /* LaunchScreen.storyboard */ = {
			isa = PBXVariantGroup;
			children = (
				695C75631CF69F6700B527D7 /* Base */,
			);
			name = LaunchScreen.storyboard;
			sourceTree = "<group>";
		};
/* End PBXVariantGroup section */

/* Begin XCBuildConfiguration section */
		695C75661CF69F6700B527D7 /* Debug */ = {
			isa = XCBuildConfiguration;
			buildSettings = {
				ALWAYS_SEARCH_USER_PATHS = NO;
				CLANG_ANALYZER_NONNULL = YES;
				CLANG_CXX_LANGUAGE_STANDARD = "gnu++0x";
				CLANG_CXX_LIBRARY = "libc++";
				CLANG_ENABLE_MODULES = YES;
				CLANG_ENABLE_OBJC_ARC = YES;
				CLANG_WARN_BOOL_CONVERSION = YES;
				CLANG_WARN_CONSTANT_CONVERSION = YES;
				CLANG_WARN_DIRECT_OBJC_ISA_USAGE = YES_ERROR;
				CLANG_WARN_EMPTY_BODY = YES;
				CLANG_WARN_ENUM_CONVERSION = YES;
				CLANG_WARN_INT_CONVERSION = YES;
				CLANG_WARN_OBJC_ROOT_CLASS = YES_ERROR;
				CLANG_WARN_UNREACHABLE_CODE = YES;
				CLANG_WARN__DUPLICATE_METHOD_MATCH = YES;
				"CODE_SIGN_IDENTITY[sdk=iphoneos*]" = "iPhone Developer";
				COPY_PHASE_STRIP = NO;
				DEBUG_INFORMATION_FORMAT = dwarf;
				ENABLE_STRICT_OBJC_MSGSEND = YES;
				ENABLE_TESTABILITY = YES;
				GCC_C_LANGUAGE_STANDARD = gnu99;
				GCC_DYNAMIC_NO_PIC = NO;
				GCC_NO_COMMON_BLOCKS = YES;
				GCC_OPTIMIZATION_LEVEL = 0;
				GCC_PREPROCESSOR_DEFINITIONS = (
					"DEBUG=1",
					"$(inherited)",
				);
				GCC_WARN_64_TO_32_BIT_CONVERSION = YES;
				GCC_WARN_ABOUT_RETURN_TYPE = YES_ERROR;
				GCC_WARN_UNDECLARED_SELECTOR = YES;
				GCC_WARN_UNINITIALIZED_AUTOS = YES_AGGRESSIVE;
				GCC_WARN_UNUSED_FUNCTION = YES;
				GCC_WARN_UNUSED_VARIABLE = YES;
				IPHONEOS_DEPLOYMENT_TARGET = 9.3;
				MTL_ENABLE_DEBUG_INFO = YES;
				ONLY_ACTIVE_ARCH = YES;
				SDKROOT = iphoneos;
				SWIFT_OPTIMIZATION_LEVEL = "-Onone";
				TARGETED_DEVICE_FAMILY = "1,2";
			};
			name = Debug;
		};
		695C75671CF69F6700B527D7 /* Release */ = {
			isa = XCBuildConfiguration;
			buildSettings = {
				ALWAYS_SEARCH_USER_PATHS = NO;
				CLANG_ANALYZER_NONNULL = YES;
				CLANG_CXX_LANGUAGE_STANDARD = "gnu++0x";
				CLANG_CXX_LIBRARY = "libc++";
				CLANG_ENABLE_MODULES = YES;
				CLANG_ENABLE_OBJC_ARC = YES;
				CLANG_WARN_BOOL_CONVERSION = YES;
				CLANG_WARN_CONSTANT_CONVERSION = YES;
				CLANG_WARN_DIRECT_OBJC_ISA_USAGE = YES_ERROR;
				CLANG_WARN_EMPTY_BODY = YES;
				CLANG_WARN_ENUM_CONVERSION = YES;
				CLANG_WARN_INT_CONVERSION = YES;
				CLANG_WARN_OBJC_ROOT_CLASS = YES_ERROR;
				CLANG_WARN_UNREACHABLE_CODE = YES;
				CLANG_WARN__DUPLICATE_METHOD_MATCH = YES;
				"CODE_SIGN_IDENTITY[sdk=iphoneos*]" = "iPhone Developer";
				COPY_PHASE_STRIP = NO;
				DEBUG_INFORMATION_FORMAT = "dwarf-with-dsym";
				ENABLE_NS_ASSERTIONS = NO;
				ENABLE_STRICT_OBJC_MSGSEND = YES;
				GCC_C_LANGUAGE_STANDARD = gnu99;
				GCC_NO_COMMON_BLOCKS = YES;
				GCC_WARN_64_TO_32_BIT_CONVERSION = YES;
				GCC_WARN_ABOUT_RETURN_TYPE = YES_ERROR;
				GCC_WARN_UNDECLARED_SELECTOR = YES;
				GCC_WARN_UNINITIALIZED_AUTOS = YES_AGGRESSIVE;
				GCC_WARN_UNUSED_FUNCTION = YES;
				GCC_WARN_UNUSED_VARIABLE = YES;
				IPHONEOS_DEPLOYMENT_TARGET = 9.3;
				MTL_ENABLE_DEBUG_INFO = NO;
				SDKROOT = iphoneos;
				TARGETED_DEVICE_FAMILY = "1,2";
				VALIDATE_PRODUCT = YES;
			};
			name = Release;
		};
		695C75691CF69F6700B527D7 /* Debug */ = {
			isa = XCBuildConfiguration;
			buildSettings = {
				ASSETCATALOG_COMPILER_APPICON_NAME = AppIcon;
				INFOPLIST_FILE = GEO/Info.plist;
				LD_RUNPATH_SEARCH_PATHS = "$(inherited) @executable_path/Frameworks";
				PRODUCT_BUNDLE_IDENTIFIER = zys.GEO;
				PRODUCT_NAME = "$(TARGET_NAME)";
			};
			name = Debug;
		};
		695C756A1CF69F6700B527D7 /* Release */ = {
			isa = XCBuildConfiguration;
			buildSettings = {
				ASSETCATALOG_COMPILER_APPICON_NAME = AppIcon;
				INFOPLIST_FILE = GEO/Info.plist;
				LD_RUNPATH_SEARCH_PATHS = "$(inherited) @executable_path/Frameworks";
				PRODUCT_BUNDLE_IDENTIFIER = zys.GEO;
				PRODUCT_NAME = "$(TARGET_NAME)";
			};
			name = Release;
		};
/* End XCBuildConfiguration section */

/* Begin XCConfigurationList section */
		695C754E1CF69F6600B527D7 /* Build configuration list for PBXProject "GEO" */ = {
			isa = XCConfigurationList;
			buildConfigurations = (
				695C75661CF69F6700B527D7 /* Debug */,
				695C75671CF69F6700B527D7 /* Release */,
			);
			defaultConfigurationIsVisible = 0;
			defaultConfigurationName = Release;
		};
		695C75681CF69F6700B527D7 /* Build configuration list for PBXNativeTarget "GEO" */ = {
			isa = XCConfigurationList;
			buildConfigurations = (
				695C75691CF69F6700B527D7 /* Debug */,
				695C756A1CF69F6700B527D7 /* Release */,
			);
			defaultConfigurationIsVisible = 0;
		};
/* End XCConfigurationList section */
	};
	rootObject = 695C754B1CF69F6600B527D7 /* Project object */;
}
